
Microsoft Visual Studio Solution File, Format Version 12.00
# Visual Studio Version 17
VisualStudioVersion = 17.12.35521.163 d17.12
MinimumVisualStudioVersion = 10.0.40219.1
Project("{FAE04EC0-301F-11D3-BF4B-00C04F79EFBC}") = "EmployeeTask", "EmployeeTask\EmployeeTask.csproj", "{6087625E-D956-43F0-B5BA-52D846A10C83}"
EndProject
Project("{FAE04EC0-301F-11D3-BF4B-00C04F79EFBC}") = "EmployeeTask.Core", "EmployeeTask.Core\EmployeeTask.Core.csproj", "{E4CD5936-A595-432D-BD7B-50C5EF07278A}"
EndProject
Project("{FAE04EC0-301F-11D3-BF4B-00C04F79EFBC}") = "EmployeeTask.Infrastructure", "EmployeeTask.Infrastructure\EmployeeTask.Infrastructure.csproj", "{E2C63C78-C6A7-4AF3-A89C-982BD9F624ED}"
EndProject
Global
	GlobalSection(SolutionConfigurationPlatforms) = preSolution
		Debug|Any CPU = Debug|Any CPU
		Release|Any CPU = Release|Any CPU
	EndGlobalSection
	GlobalSection(ProjectConfigurationPlatforms) = postSolution
		{6087625E-D956-43F0-B5BA-52D846A10C83}.Debug|Any CPU.ActiveCfg = Debug|Any CPU
		{6087625E-D956-43F0-B5BA-52D846A10C83}.Debug|Any CPU.Build.0 = Debug|Any CPU
		{6087625E-D956-43F0-B5BA-52D846A10C83}.Release|Any CPU.ActiveCfg = Release|Any CPU
		{6087625E-D956-43F0-B5BA-52D846A10C83}.Release|Any CPU.Build.0 = Release|Any CPU
		{E4CD5936-A595-432D-BD7B-50C5EF07278A}.Debug|Any CPU.ActiveCfg = Debug|Any CPU
		{E4CD5936-A595-432D-BD7B-50C5EF07278A}.Debug|Any CPU.Build.0 = Debug|Any CPU
		{E4CD5936-A595-432D-BD7B-50C5EF07278A}.Release|Any CPU.ActiveCfg = Release|Any CPU
		{E4CD5936-A595-432D-BD7B-50C5EF07278A}.Release|Any CPU.Build.0 = Release|Any CPU
		{E2C63C78-C6A7-4AF3-A89C-982BD9F624ED}.Debug|Any CPU.ActiveCfg = Debug|Any CPU
		{E2C63C78-C6A7-4AF3-A89C-982BD9F624ED}.Debug|Any CPU.Build.0 = Debug|Any CPU
		{E2C63C78-C6A7-4AF3-A89C-982BD9F624ED}.Release|Any CPU.ActiveCfg = Release|Any CPU
		{E2C63C78-C6A7-4AF3-A89C-982BD9F624ED}.Release|Any CPU.Build.0 = Release|Any CPU
	EndGlobalSection
	GlobalSection(SolutionProperties) = preSolution
		HideSolutionNode = FALSE
	EndGlobalSection
EndGlobal
